
Microsoft Visual Studio Solution File, Format Version 12.00
# Visual Studio Version 17
VisualStudioVersion = 17.0.31912.275
MinimumVisualStudioVersion = 10.0.40219.1
Project("{FAE04EC0-301F-11D3-BF4B-00C04F79EFBC}") = "Connecting to Data from Code", "Connecting to Data from Code\Connecting to Data from Code.csproj", "{FDB32E03-91CE-4AB6-B40A-5AF5F237702B}"
EndProject
Project("{FAE04EC0-301F-11D3-BF4B-00C04F79EFBC}") = "Editing a Report Template in the Designer", "Editing a Report Template in the Designer\Editing a Report Template in the Designer.csproj", "{7F9FD4C8-45BE-4668-B82E-AC00D6C1D160}"
EndProject
Project("{FAE04EC0-301F-11D3-BF4B-00C04F79EFBC}") = "Exporting a Report from Code", "Exporting a Report from Code\Exporting a Report from Code.csproj", "{6C6D65FB-678E-4480-9197-7AD656C34872}"
EndProject
Project("{FAE04EC0-301F-11D3-BF4B-00C04F79EFBC}") = "Printing a Report from Code", "Printing a Report from Code\Printing a Report from Code.csproj", "{DEE434A1-2BD8-4475-B85A-E88AA5262AAE}"
EndProject
Project("{FAE04EC0-301F-11D3-BF4B-00C04F79EFBC}") = "Localizing the User Interface", "Localizing the User Interface\Localizing the User Interface.csproj", "{D17DA714-49ED-4D4A-9571-8C3849A48DCD}"
EndProject
Project("{FAE04EC0-301F-11D3-BF4B-00C04F79EFBC}") = "Creating Report at Runtime", "Creating Report at Runtime\Creating Report at Runtime.csproj", "{E53CBB4D-6F6F-4A3B-AAB2-672F9370CBEA}"
EndProject
Project("{FAE04EC0-301F-11D3-BF4B-00C04F79EFBC}") = "Showing a Report in the Viewer", "Showing a Report in the Viewer\Showing a Report in the Viewer.csproj", "{5AD050E9-1CD5-4B3A-A674-5849471FF358}"
EndProject
Project("{FAE04EC0-301F-11D3-BF4B-00C04F79EFBC}") = "Using Business Objects in the Report", "Using Business Objects in the Report\Using Business Objects in the Report.csproj", "{F0E09947-7A23-43A5-9AD6-5EA4CE127743}"
EndProject
Project("{FAE04EC0-301F-11D3-BF4B-00C04F79EFBC}") = "Using Linq in Reports", "Using Linq in Reports\Using Linq in Reports.csproj", "{C5BF131C-A6FB-4605-A308-64C255B86701}"
EndProject
Project("{FAE04EC0-301F-11D3-BF4B-00C04F79EFBC}") = "Using Report Variables in Code", "Using Report Variables in Code\Using Report Variables in Code.csproj", "{A635C84A-E317-4156-A942-7AC3E91FF1B1}"
EndProject
Project("{FAE04EC0-301F-11D3-BF4B-00C04F79EFBC}") = "Adding a Font to the Resource", "Adding a Font to the Resource\Adding a Font to the Resource.csproj", "{005498EC-DFED-4AC1-8676-2CD1145FD634}"
EndProject
Project("{FAE04EC0-301F-11D3-BF4B-00C04F79EFBC}") = "Using a Custom Data Adapter", "Using a Custom Data Adapter\Using a Custom Data Adapter.csproj", "{B6699C6C-91CA-4BEC-A5C1-F98D9A83DEAD}"
EndProject
Global
	GlobalSection(SolutionConfigurationPlatforms) = preSolution
		Debug|Any CPU = Debug|Any CPU
		Debug|x86 = Debug|x86
		Release|Any CPU = Release|Any CPU
		Release|x86 = Release|x86
	EndGlobalSection
	GlobalSection(ProjectConfigurationPlatforms) = postSolution
		{FDB32E03-91CE-4AB6-B40A-5AF5F237702B}.Debug|Any CPU.ActiveCfg = Debug|Any CPU
		{FDB32E03-91CE-4AB6-B40A-5AF5F237702B}.Debug|Any CPU.Build.0 = Debug|Any CPU
		{FDB32E03-91CE-4AB6-B40A-5AF5F237702B}.Debug|x86.ActiveCfg = Debug|Win32
		{FDB32E03-91CE-4AB6-B40A-5AF5F237702B}.Debug|x86.Build.0 = Debug|Win32
		{FDB32E03-91CE-4AB6-B40A-5AF5F237702B}.Release|Any CPU.ActiveCfg = Release|Any CPU
		{FDB32E03-91CE-4AB6-B40A-5AF5F237702B}.Release|Any CPU.Build.0 = Release|Any CPU
		{FDB32E03-91CE-4AB6-B40A-5AF5F237702B}.Release|x86.ActiveCfg = Release|Win32
		{FDB32E03-91CE-4AB6-B40A-5AF5F237702B}.Release|x86.Build.0 = Release|Win32
		{7F9FD4C8-45BE-4668-B82E-AC00D6C1D160}.Debug|Any CPU.ActiveCfg = Debug|Any CPU
		{7F9FD4C8-45BE-4668-B82E-AC00D6C1D160}.Debug|Any CPU.Build.0 = Debug|Any CPU
		{7F9FD4C8-45BE-4668-B82E-AC00D6C1D160}.Debug|x86.ActiveCfg = Debug|Win32
		{7F9FD4C8-45BE-4668-B82E-AC00D6C1D160}.Debug|x86.Build.0 = Debug|Win32
		{7F9FD4C8-45BE-4668-B82E-AC00D6C1D160}.Release|Any CPU.ActiveCfg = Release|Any CPU
		{7F9FD4C8-45BE-4668-B82E-AC00D6C1D160}.Release|Any CPU.Build.0 = Release|Any CPU
		{7F9FD4C8-45BE-4668-B82E-AC00D6C1D160}.Release|x86.ActiveCfg = Release|Win32
		{7F9FD4C8-45BE-4668-B82E-AC00D6C1D160}.Release|x86.Build.0 = Release|Win32
		{6C6D65FB-678E-4480-9197-7AD656C34872}.Debug|Any CPU.ActiveCfg = Debug|Any CPU
		{6C6D65FB-678E-4480-9197-7AD656C34872}.Debug|Any CPU.Build.0 = Debug|Any CPU
		{6C6D65FB-678E-4480-9197-7AD656C34872}.Debug|x86.ActiveCfg = Debug|Win32
		{6C6D65FB-678E-4480-9197-7AD656C34872}.Debug|x86.Build.0 = Debug|Win32
		{6C6D65FB-678E-4480-9197-7AD656C34872}.Release|Any CPU.ActiveCfg = Release|Any CPU
		{6C6D65FB-678E-4480-9197-7AD656C34872}.Release|Any CPU.Build.0 = Release|Any CPU
		{6C6D65FB-678E-4480-9197-7AD656C34872}.Release|x86.ActiveCfg = Release|Win32
		{6C6D65FB-678E-4480-9197-7AD656C34872}.Release|x86.Build.0 = Release|Win32
		{DEE434A1-2BD8-4475-B85A-E88AA5262AAE}.Debug|Any CPU.ActiveCfg = Debug|Any CPU
		{DEE434A1-2BD8-4475-B85A-E88AA5262AAE}.Debug|Any CPU.Build.0 = Debug|Any CPU
		{DEE434A1-2BD8-4475-B85A-E88AA5262AAE}.Debug|x86.ActiveCfg = Debug|Win32
		{DEE434A1-2BD8-4475-B85A-E88AA5262AAE}.Debug|x86.Build.0 = Debug|Win32
		{DEE434A1-2BD8-4475-B85A-E88AA5262AAE}.Release|Any CPU.ActiveCfg = Release|Any CPU
		{DEE434A1-2BD8-4475-B85A-E88AA5262AAE}.Release|Any CPU.Build.0 = Release|Any CPU
		{DEE434A1-2BD8-4475-B85A-E88AA5262AAE}.Release|x86.ActiveCfg = Release|Win32
		{DEE434A1-2BD8-4475-B85A-E88AA5262AAE}.Release|x86.Build.0 = Release|Win32
		{D17DA714-49ED-4D4A-9571-8C3849A48DCD}.Debug|Any CPU.ActiveCfg = Debug|Any CPU
		{D17DA714-49ED-4D4A-9571-8C3849A48DCD}.Debug|Any CPU.Build.0 = Debug|Any CPU
		{D17DA714-49ED-4D4A-9571-8C3849A48DCD}.Debug|x86.ActiveCfg = Debug|Win32
		{D17DA714-49ED-4D4A-9571-8C3849A48DCD}.Debug|x86.Build.0 = Debug|Win32
		{D17DA714-49ED-4D4A-9571-8C3849A48DCD}.Release|Any CPU.ActiveCfg = Release|Any CPU
		{D17DA714-49ED-4D4A-9571-8C3849A48DCD}.Release|Any CPU.Build.0 = Release|Any CPU
		{D17DA714-49ED-4D4A-9571-8C3849A48DCD}.Release|x86.ActiveCfg = Release|Win32
		{D17DA714-49ED-4D4A-9571-8C3849A48DCD}.Release|x86.Build.0 = Release|Win32
		{E53CBB4D-6F6F-4A3B-AAB2-672F9370CBEA}.Debug|Any CPU.ActiveCfg = Debug|Any CPU
		{E53CBB4D-6F6F-4A3B-AAB2-672F9370CBEA}.Debug|Any CPU.Build.0 = Debug|Any CPU
		{E53CBB4D-6F6F-4A3B-AAB2-672F9370CBEA}.Debug|x86.ActiveCfg = Debug|Win32
		{E53CBB4D-6F6F-4A3B-AAB2-672F9370CBEA}.Debug|x86.Build.0 = Debug|Win32
		{E53CBB4D-6F6F-4A3B-AAB2-672F9370CBEA}.Release|Any CPU.ActiveCfg = Release|Any CPU
		{E53CBB4D-6F6F-4A3B-AAB2-672F9370CBEA}.Release|Any CPU.Build.0 = Release|Any CPU
		{E53CBB4D-6F6F-4A3B-AAB2-672F9370CBEA}.Release|x86.ActiveCfg = Release|Win32
		{E53CBB4D-6F6F-4A3B-AAB2-672F9370CBEA}.Release|x86.Build.0 = Release|Win32
		{5AD050E9-1CD5-4B3A-A674-5849471FF358}.Debug|Any CPU.ActiveCfg = Debug|Any CPU
		{5AD050E9-1CD5-4B3A-A674-5849471FF358}.Debug|Any CPU.Build.0 = Debug|Any CPU
		{5AD050E9-1CD5-4B3A-A674-5849471FF358}.Debug|x86.ActiveCfg = Debug|Win32
		{5AD050E9-1CD5-4B3A-A674-5849471FF358}.Debug|x86.Build.0 = Debug|Win32
		{5AD050E9-1CD5-4B3A-A674-5849471FF358}.Release|Any CPU.ActiveCfg = Release|Any CPU
		{5AD050E9-1CD5-4B3A-A674-5849471FF358}.Release|Any CPU.Build.0 = Release|Any CPU
		{5AD050E9-1CD5-4B3A-A674-5849471FF358}.Release|x86.ActiveCfg = Release|Win32
		{5AD050E9-1CD5-4B3A-A674-5849471FF358}.Release|x86.Build.0 = Release|Win32
		{F0E09947-7A23-43A5-9AD6-5EA4CE127743}.Debug|Any CPU.ActiveCfg = Debug|Any CPU
		{F0E09947-7A23-43A5-9AD6-5EA4CE127743}.Debug|Any CPU.Build.0 = Debug|Any CPU
		{F0E09947-7A23-43A5-9AD6-5EA4CE127743}.Debug|x86.ActiveCfg = Debug|Win32
		{F0E09947-7A23-43A5-9AD6-5EA4CE127743}.Debug|x86.Build.0 = Debug|Win32
		{F0E09947-7A23-43A5-9AD6-5EA4CE127743}.Release|Any CPU.ActiveCfg = Release|Any CPU
		{F0E09947-7A23-43A5-9AD6-5EA4CE127743}.Release|Any CPU.Build.0 = Release|Any CPU
		{F0E09947-7A23-43A5-9AD6-5EA4CE127743}.Release|x86.ActiveCfg = Release|Win32
		{F0E09947-7A23-43A5-9AD6-5EA4CE127743}.Release|x86.Build.0 = Release|Win32
		{C5BF131C-A6FB-4605-A308-64C255B86701}.Debug|Any CPU.ActiveCfg = Debug|Any CPU
		{C5BF131C-A6FB-4605-A308-64C255B86701}.Debug|Any CPU.Build.0 = Debug|Any CPU
		{C5BF131C-A6FB-4605-A308-64C255B86701}.Debug|x86.ActiveCfg = Debug|Win32
		{C5BF131C-A6FB-4605-A308-64C255B86701}.Debug|x86.Build.0 = Debug|Win32
		{C5BF131C-A6FB-4605-A308-64C255B86701}.Release|Any CPU.ActiveCfg = Release|Any CPU
		{C5BF131C-A6FB-4605-A308-64C255B86701}.Release|Any CPU.Build.0 = Release|Any CPU
		{C5BF131C-A6FB-4605-A308-64C255B86701}.Release|x86.ActiveCfg = Release|Win32
		{C5BF131C-A6FB-4605-A308-64C255B86701}.Release|x86.Build.0 = Release|Win32
		{A635C84A-E317-4156-A942-7AC3E91FF1B1}.Debug|Any CPU.ActiveCfg = Debug|Any CPU
		{A635C84A-E317-4156-A942-7AC3E91FF1B1}.Debug|Any CPU.Build.0 = Debug|Any CPU
		{A635C84A-E317-4156-A942-7AC3E91FF1B1}.Debug|x86.ActiveCfg = Debug|Win32
		{A635C84A-E317-4156-A942-7AC3E91FF1B1}.Debug|x86.Build.0 = Debug|Win32
		{A635C84A-E317-4156-A942-7AC3E91FF1B1}.Release|Any CPU.ActiveCfg = Release|Any CPU
		{A635C84A-E317-4156-A942-7AC3E91FF1B1}.Release|Any CPU.Build.0 = Release|Any CPU
		{A635C84A-E317-4156-A942-7AC3E91FF1B1}.Release|x86.ActiveCfg = Release|Win32
		{A635C84A-E317-4156-A942-7AC3E91FF1B1}.Release|x86.Build.0 = Release|Win32
		{005498EC-DFED-4AC1-8676-2CD1145FD634}.Debug|Any CPU.ActiveCfg = Debug|Any CPU
		{005498EC-DFED-4AC1-8676-2CD1145FD634}.Debug|Any CPU.Build.0 = Debug|Any CPU
		{005498EC-DFED-4AC1-8676-2CD1145FD634}.Debug|x86.ActiveCfg = Debug|Win32
		{005498EC-DFED-4AC1-8676-2CD1145FD634}.Debug|x86.Build.0 = Debug|Win32
		{005498EC-DFED-4AC1-8676-2CD1145FD634}.Release|Any CPU.ActiveCfg = Release|Any CPU
		{005498EC-DFED-4AC1-8676-2CD1145FD634}.Release|Any CPU.Build.0 = Release|Any CPU
		{005498EC-DFED-4AC1-8676-2CD1145FD634}.Release|x86.ActiveCfg = Release|Win32
		{005498EC-DFED-4AC1-8676-2CD1145FD634}.Release|x86.Build.0 = Release|Win32
		{B6699C6C-91CA-4BEC-A5C1-F98D9A83DEAD}.Debug|Any CPU.ActiveCfg = Debug|Any CPU
		{B6699C6C-91CA-4BEC-A5C1-F98D9A83DEAD}.Debug|Any CPU.Build.0 = Debug|Any CPU
		{B6699C6C-91CA-4BEC-A5C1-F98D9A83DEAD}.Debug|x86.ActiveCfg = Debug|Any CPU
		{B6699C6C-91CA-4BEC-A5C1-F98D9A83DEAD}.Debug|x86.Build.0 = Debug|Any CPU
		{B6699C6C-91CA-4BEC-A5C1-F98D9A83DEAD}.Release|Any CPU.ActiveCfg = Release|Any CPU
		{B6699C6C-91CA-4BEC-A5C1-F98D9A83DEAD}.Release|Any CPU.Build.0 = Release|Any CPU
		{B6699C6C-91CA-4BEC-A5C1-F98D9A83DEAD}.Release|x86.ActiveCfg = Release|Any CPU
		{B6699C6C-91CA-4BEC-A5C1-F98D9A83DEAD}.Release|x86.Build.0 = Release|Any CPU
	EndGlobalSection
	GlobalSection(SolutionProperties) = preSolution
		HideSolutionNode = FALSE
	EndGlobalSection
	GlobalSection(ExtensibilityGlobals) = postSolution
		SolutionGuid = {0884E65F-B026-4CB2-AAF8-35E7EC47E284}
	EndGlobalSection
EndGlobal
